
Microsoft Visual Studio Solution File, Format Version 12.00
# Visual Studio Version 17
VisualStudioVersion = 17.10.35122.118
MinimumVisualStudioVersion = 10.0.40219.1
Project("{FAE04EC0-301F-11D3-BF4B-00C04F79EFBC}") = "ThundersTodoList.Api", "ThundersTodoList.Api\ThundersTodoList.Api.csproj", "{F431B99D-E8F5-40D3-99D9-9A513743F241}"
EndProject
Project("{FAE04EC0-301F-11D3-BF4B-00C04F79EFBC}") = "ThundersTodoList.Domain", "ThundersTodoList.Domain\ThundersTodoList.Domain.csproj", "{0F74F9DF-5333-4A5D-879C-B9D75596FF44}"
EndProject
Project("{FAE04EC0-301F-11D3-BF4B-00C04F79EFBC}") = "ThundersTodoList.Infra", "ThundersTodoList.Infra\ThundersTodoList.Infra.csproj", "{966FB391-D4D1-4A24-9E6A-5EF3C1CF059A}"
EndProject
Project("{FAE04EC0-301F-11D3-BF4B-00C04F79EFBC}") = "ThundersTodoList.Service", "ThundersTodoList.Service\ThundersTodoList.Service.csproj", "{1A9EE27B-5E97-4E89-A48E-09CB456A8DE5}"
EndProject
Project("{FAE04EC0-301F-11D3-BF4B-00C04F79EFBC}") = "ThundersTodoList.Test", "ThundersTodoList.Test\ThundersTodoList.Test.csproj", "{E6EBFBA6-D244-4900-BFFD-C284D8372A59}"
EndProject
Global
	GlobalSection(SolutionConfigurationPlatforms) = preSolution
		Debug|Any CPU = Debug|Any CPU
		Release|Any CPU = Release|Any CPU
	EndGlobalSection
	GlobalSection(ProjectConfigurationPlatforms) = postSolution
		{F431B99D-E8F5-40D3-99D9-9A513743F241}.Debug|Any CPU.ActiveCfg = Debug|Any CPU
		{F431B99D-E8F5-40D3-99D9-9A513743F241}.Debug|Any CPU.Build.0 = Debug|Any CPU
		{F431B99D-E8F5-40D3-99D9-9A513743F241}.Release|Any CPU.ActiveCfg = Release|Any CPU
		{F431B99D-E8F5-40D3-99D9-9A513743F241}.Release|Any CPU.Build.0 = Release|Any CPU
		{0F74F9DF-5333-4A5D-879C-B9D75596FF44}.Debug|Any CPU.ActiveCfg = Debug|Any CPU
		{0F74F9DF-5333-4A5D-879C-B9D75596FF44}.Debug|Any CPU.Build.0 = Debug|Any CPU
		{0F74F9DF-5333-4A5D-879C-B9D75596FF44}.Release|Any CPU.ActiveCfg = Release|Any CPU
		{0F74F9DF-5333-4A5D-879C-B9D75596FF44}.Release|Any CPU.Build.0 = Release|Any CPU
		{966FB391-D4D1-4A24-9E6A-5EF3C1CF059A}.Debug|Any CPU.ActiveCfg = Debug|Any CPU
		{966FB391-D4D1-4A24-9E6A-5EF3C1CF059A}.Debug|Any CPU.Build.0 = Debug|Any CPU
		{966FB391-D4D1-4A24-9E6A-5EF3C1CF059A}.Release|Any CPU.ActiveCfg = Release|Any CPU
		{966FB391-D4D1-4A24-9E6A-5EF3C1CF059A}.Release|Any CPU.Build.0 = Release|Any CPU
		{1A9EE27B-5E97-4E89-A48E-09CB456A8DE5}.Debug|Any CPU.ActiveCfg = Debug|Any CPU
		{1A9EE27B-5E97-4E89-A48E-09CB456A8DE5}.Debug|Any CPU.Build.0 = Debug|Any CPU
		{1A9EE27B-5E97-4E89-A48E-09CB456A8DE5}.Release|Any CPU.ActiveCfg = Release|Any CPU
		{1A9EE27B-5E97-4E89-A48E-09CB456A8DE5}.Release|Any CPU.Build.0 = Release|Any CPU
		{E6EBFBA6-D244-4900-BFFD-C284D8372A59}.Debug|Any CPU.ActiveCfg = Debug|Any CPU
		{E6EBFBA6-D244-4900-BFFD-C284D8372A59}.Debug|Any CPU.Build.0 = Debug|Any CPU
		{E6EBFBA6-D244-4900-BFFD-C284D8372A59}.Release|Any CPU.ActiveCfg = Release|Any CPU
		{E6EBFBA6-D244-4900-BFFD-C284D8372A59}.Release|Any CPU.Build.0 = Release|Any CPU
	EndGlobalSection
	GlobalSection(SolutionProperties) = preSolution
		HideSolutionNode = FALSE
	EndGlobalSection
	GlobalSection(ExtensibilityGlobals) = postSolution
		SolutionGuid = {227B6BF2-51B2-457D-BA9A-0A4071540AF3}
	EndGlobalSection
EndGlobal
